github.com/alfirmS/stress-test v0.0.0-20240123074217-cf38e10e713a h1:GFjqzqNetC447r+gSm39FxONXR49WQXi/2aAdxUyoSY=
github.com/alfirmS/stress-test v0.0.0-20240123074217-cf38e10e713a/go.mod h1:r3ZCX0vYieLSZJjh7cDayvPLEJtWnOE7CV1IIHW/2Qg=
github.com/go-sql-driver/mysql v1.7.1 h1:lUIinVbN1DY0xBg0eMOzmmtGoHwWBbvnWubQUrtU8EI=
github.com/go-sql-driver/mysql v1.7.1/go.mod h1:OXbVy3sEdcQ2Doequ6Z5BW6fXNQTmx+9S1MCJN5yJMI=
